
Microsoft Visual Studio Solution File, Format Version 12.00
# Visual Studio Version 16
VisualStudioVersion = 16.0.30804.86
MinimumVisualStudioVersion = 10.0.40219.1
Project("{9A19103F-16F7-4668-BE54-9A1E7A4F7556}") = "RehberSql", "RehberSql\RehberSql.csproj", "{361099E5-4E63-43A7-A26C-B38E165C9281}"
EndProject
Global
	GlobalSection(SolutionConfigurationPlatforms) = preSolution
		Debug|Any CPU = Debug|Any CPU
		Release|Any CPU = Release|Any CPU
	EndGlobalSection
	GlobalSection(ProjectConfigurationPlatforms) = postSolution
		{361099E5-4E63-43A7-A26C-B38E165C9281}.Debug|Any CPU.ActiveCfg = Debug|Any CPU
		{361099E5-4E63-43A7-A26C-B38E165C9281}.Debug|Any CPU.Build.0 = Debug|Any CPU
		{361099E5-4E63-43A7-A26C-B38E165C9281}.Release|Any CPU.ActiveCfg = Release|Any CPU
		{361099E5-4E63-43A7-A26C-B38E165C9281}.Release|Any CPU.Build.0 = Release|Any CPU
	EndGlobalSection
	GlobalSection(SolutionProperties) = preSolution
		HideSolutionNode = FALSE
	EndGlobalSection
	GlobalSection(ExtensibilityGlobals) = postSolution
		SolutionGuid = {10DC3E0F-ACBF-4CAC-9724-D63FA5DB542C}
	EndGlobalSection
EndGlobal
