
Microsoft Visual Studio Solution File, Format Version 12.00
# Visual Studio Version 16
VisualStudioVersion = 16.0.30804.86
MinimumVisualStudioVersion = 10.0.40219.1
Project("{FAE04EC0-301F-11D3-BF4B-00C04F79EFBC}") = "LinqXmlOrnek", "LinqXmlOrnek\LinqXmlOrnek.csproj", "{98544E8D-8A9A-4793-8FEA-136E505B4640}"
EndProject
Global
	GlobalSection(SolutionConfigurationPlatforms) = preSolution
		Debug|Any CPU = Debug|Any CPU
		Release|Any CPU = Release|Any CPU
	EndGlobalSection
	GlobalSection(ProjectConfigurationPlatforms) = postSolution
		{98544E8D-8A9A-4793-8FEA-136E505B4640}.Debug|Any CPU.ActiveCfg = Debug|Any CPU
		{98544E8D-8A9A-4793-8FEA-136E505B4640}.Debug|Any CPU.Build.0 = Debug|Any CPU
		{98544E8D-8A9A-4793-8FEA-136E505B4640}.Release|Any CPU.ActiveCfg = Release|Any CPU
		{98544E8D-8A9A-4793-8FEA-136E505B4640}.Release|Any CPU.Build.0 = Release|Any CPU
	EndGlobalSection
	GlobalSection(SolutionProperties) = preSolution
		HideSolutionNode = FALSE
	EndGlobalSection
	GlobalSection(ExtensibilityGlobals) = postSolution
		SolutionGuid = {0419CD79-8988-482A-9C1E-625314231636}
	EndGlobalSection
EndGlobal
